
Microsoft Visual Studio Solution File, Format Version 11.00
# Visual Studio 2010
Project("{FAE04EC0-301F-11D3-BF4B-00C04F79EFBC}") = "ContactWeb", "web\ContactWeb.csproj", "{24BE1F9C-15CC-4982-8C35-C5807E59C48D}"
EndProject
Project("{FAE04EC0-301F-11D3-BF4B-00C04F79EFBC}") = "BUS", "BUS\BUS.csproj", "{261DAB7F-CF87-4C33-A10C-23B7D55905B0}"
EndProject
Project("{FAE04EC0-301F-11D3-BF4B-00C04F79EFBC}") = "DAL", "DAL\DAL.csproj", "{5ABCD97B-978D-4AB3-8096-EF434999A740}"
EndProject
Global
	GlobalSection(SolutionConfigurationPlatforms) = preSolution
		Debug|Any CPU = Debug|Any CPU
		Release|Any CPU = Release|Any CPU
	EndGlobalSection
	GlobalSection(ProjectConfigurationPlatforms) = postSolution
		{24BE1F9C-15CC-4982-8C35-C5807E59C48D}.Debug|Any CPU.ActiveCfg = Debug|Any CPU
		{24BE1F9C-15CC-4982-8C35-C5807E59C48D}.Debug|Any CPU.Build.0 = Debug|Any CPU
		{24BE1F9C-15CC-4982-8C35-C5807E59C48D}.Release|Any CPU.ActiveCfg = Release|Any CPU
		{24BE1F9C-15CC-4982-8C35-C5807E59C48D}.Release|Any CPU.Build.0 = Release|Any CPU
		{261DAB7F-CF87-4C33-A10C-23B7D55905B0}.Debug|Any CPU.ActiveCfg = Debug|Any CPU
		{261DAB7F-CF87-4C33-A10C-23B7D55905B0}.Debug|Any CPU.Build.0 = Debug|Any CPU
		{261DAB7F-CF87-4C33-A10C-23B7D55905B0}.Release|Any CPU.ActiveCfg = Release|Any CPU
		{261DAB7F-CF87-4C33-A10C-23B7D55905B0}.Release|Any CPU.Build.0 = Release|Any CPU
		{5ABCD97B-978D-4AB3-8096-EF434999A740}.Debug|Any CPU.ActiveCfg = Debug|Any CPU
		{5ABCD97B-978D-4AB3-8096-EF434999A740}.Debug|Any CPU.Build.0 = Debug|Any CPU
		{5ABCD97B-978D-4AB3-8096-EF434999A740}.Release|Any CPU.ActiveCfg = Release|Any CPU
		{5ABCD97B-978D-4AB3-8096-EF434999A740}.Release|Any CPU.Build.0 = Release|Any CPU
	EndGlobalSection
	GlobalSection(SolutionProperties) = preSolution
		HideSolutionNode = FALSE
	EndGlobalSection
EndGlobal
